
Microsoft Visual Studio Solution File, Format Version 12.00
# Visual Studio Version 17
VisualStudioVersion = 17.3.32819.101
MinimumVisualStudioVersion = 10.0.40219.1
Project("{FAE04EC0-301F-11D3-BF4B-00C04F79EFBC}") = "cli_stake", "cli_stake\cli_stake.csproj", "{24FDDC27-BA24-4C78-A00F-4DBC783850FA}"
EndProject
Global
	GlobalSection(SolutionConfigurationPlatforms) = preSolution
		Debug|Any CPU = Debug|Any CPU
		Release|Any CPU = Release|Any CPU
	EndGlobalSection
	GlobalSection(ProjectConfigurationPlatforms) = postSolution
		{24FDDC27-BA24-4C78-A00F-4DBC783850FA}.Debug|Any CPU.ActiveCfg = Debug|Any CPU
		{24FDDC27-BA24-4C78-A00F-4DBC783850FA}.Debug|Any CPU.Build.0 = Debug|Any CPU
		{24FDDC27-BA24-4C78-A00F-4DBC783850FA}.Release|Any CPU.ActiveCfg = Release|Any CPU
		{24FDDC27-BA24-4C78-A00F-4DBC783850FA}.Release|Any CPU.Build.0 = Release|Any CPU
	EndGlobalSection
	GlobalSection(SolutionProperties) = preSolution
		HideSolutionNode = FALSE
	EndGlobalSection
	GlobalSection(ExtensibilityGlobals) = postSolution
		SolutionGuid = {33A3E08C-8796-4C5B-A471-FF4D9F66D885}
	EndGlobalSection
EndGlobal
